
Microsoft Visual Studio Solution File, Format Version 12.00
# Visual Studio Version 17
VisualStudioVersion = 17.1.32328.378
MinimumVisualStudioVersion = 10.0.40219.1
Project("{9A19103F-16F7-4668-BE54-9A1E7A4F7556}") = "jobsearch-server", "jobsearch-server.csproj", "{550ED514-FF2C-42AC-9EDF-04570D3A7B47}"
EndProject
Global
	GlobalSection(SolutionConfigurationPlatforms) = preSolution
		Debug|Any CPU = Debug|Any CPU
		Release|Any CPU = Release|Any CPU
	EndGlobalSection
	GlobalSection(ProjectConfigurationPlatforms) = postSolution
		{550ED514-FF2C-42AC-9EDF-04570D3A7B47}.Debug|Any CPU.ActiveCfg = Debug|Any CPU
		{550ED514-FF2C-42AC-9EDF-04570D3A7B47}.Debug|Any CPU.Build.0 = Debug|Any CPU
		{550ED514-FF2C-42AC-9EDF-04570D3A7B47}.Release|Any CPU.ActiveCfg = Release|Any CPU
		{550ED514-FF2C-42AC-9EDF-04570D3A7B47}.Release|Any CPU.Build.0 = Release|Any CPU
	EndGlobalSection
	GlobalSection(SolutionProperties) = preSolution
		HideSolutionNode = FALSE
	EndGlobalSection
	GlobalSection(ExtensibilityGlobals) = postSolution
		SolutionGuid = {35F87EC0-77F4-4EC6-A02E-64A37CF7DE10}
	EndGlobalSection
EndGlobal
